
Microsoft Visual Studio Solution File, Format Version 12.00
# Visual Studio Version 17
VisualStudioVersion = 17.0.31919.166
MinimumVisualStudioVersion = 10.0.40219.1
Project("{FAE04EC0-301F-11D3-BF4B-00C04F79EFBC}") = "XamarinSandbox.Android", "XamarinSandbox\XamarinSandbox.Android\XamarinSandbox.Android.csproj", "{A27F4F91-B567-4BA0-A608-014FA2B26B53}"
EndProject
Project("{FAE04EC0-301F-11D3-BF4B-00C04F79EFBC}") = "XamarinSandbox.iOS", "XamarinSandbox\XamarinSandbox.iOS\XamarinSandbox.iOS.csproj", "{5936F4BF-EA60-478B-A755-9B1EE8073C36}"
EndProject
Project("{FAE04EC0-301F-11D3-BF4B-00C04F79EFBC}") = "XamarinSandbox", "XamarinSandbox\XamarinSandbox\XamarinSandbox.csproj", "{9BFF5BE5-E32F-41BC-A129-4C2B4C28E402}"
EndProject
Global
	GlobalSection(SolutionConfigurationPlatforms) = preSolution
		Debug|Any CPU = Debug|Any CPU
		Debug|iPhone = Debug|iPhone
		Debug|iPhoneSimulator = Debug|iPhoneSimulator
		Release|Any CPU = Release|Any CPU
		Release|iPhone = Release|iPhone
		Release|iPhoneSimulator = Release|iPhoneSimulator
	EndGlobalSection
	GlobalSection(ProjectConfigurationPlatforms) = postSolution
		{A27F4F91-B567-4BA0-A608-014FA2B26B53}.Debug|Any CPU.ActiveCfg = Debug|Any CPU
		{A27F4F91-B567-4BA0-A608-014FA2B26B53}.Debug|Any CPU.Build.0 = Debug|Any CPU
		{A27F4F91-B567-4BA0-A608-014FA2B26B53}.Debug|Any CPU.Deploy.0 = Debug|Any CPU
		{A27F4F91-B567-4BA0-A608-014FA2B26B53}.Debug|iPhone.ActiveCfg = Debug|Any CPU
		{A27F4F91-B567-4BA0-A608-014FA2B26B53}.Debug|iPhone.Build.0 = Debug|Any CPU
		{A27F4F91-B567-4BA0-A608-014FA2B26B53}.Debug|iPhone.Deploy.0 = Debug|Any CPU
		{A27F4F91-B567-4BA0-A608-014FA2B26B53}.Debug|iPhoneSimulator.ActiveCfg = Debug|Any CPU
		{A27F4F91-B567-4BA0-A608-014FA2B26B53}.Debug|iPhoneSimulator.Build.0 = Debug|Any CPU
		{A27F4F91-B567-4BA0-A608-014FA2B26B53}.Debug|iPhoneSimulator.Deploy.0 = Debug|Any CPU
		{A27F4F91-B567-4BA0-A608-014FA2B26B53}.Release|Any CPU.ActiveCfg = Release|Any CPU
		{A27F4F91-B567-4BA0-A608-014FA2B26B53}.Release|Any CPU.Build.0 = Release|Any CPU
		{A27F4F91-B567-4BA0-A608-014FA2B26B53}.Release|Any CPU.Deploy.0 = Release|Any CPU
		{A27F4F91-B567-4BA0-A608-014FA2B26B53}.Release|iPhone.ActiveCfg = Release|Any CPU
		{A27F4F91-B567-4BA0-A608-014FA2B26B53}.Release|iPhone.Build.0 = Release|Any CPU
		{A27F4F91-B567-4BA0-A608-014FA2B26B53}.Release|iPhone.Deploy.0 = Release|Any CPU
		{A27F4F91-B567-4BA0-A608-014FA2B26B53}.Release|iPhoneSimulator.ActiveCfg = Release|Any CPU
		{A27F4F91-B567-4BA0-A608-014FA2B26B53}.Release|iPhoneSimulator.Build.0 = Release|Any CPU
		{A27F4F91-B567-4BA0-A608-014FA2B26B53}.Release|iPhoneSimulator.Deploy.0 = Release|Any CPU
		{5936F4BF-EA60-478B-A755-9B1EE8073C36}.Debug|Any CPU.ActiveCfg = Debug|iPhone
		{5936F4BF-EA60-478B-A755-9B1EE8073C36}.Debug|Any CPU.Build.0 = Debug|iPhone
		{5936F4BF-EA60-478B-A755-9B1EE8073C36}.Debug|Any CPU.Deploy.0 = Debug|iPhone
		{5936F4BF-EA60-478B-A755-9B1EE8073C36}.Debug|iPhone.ActiveCfg = Debug|iPhone
		{5936F4BF-EA60-478B-A755-9B1EE8073C36}.Debug|iPhone.Build.0 = Debug|iPhone
		{5936F4BF-EA60-478B-A755-9B1EE8073C36}.Debug|iPhone.Deploy.0 = Debug|iPhone
		{5936F4BF-EA60-478B-A755-9B1EE8073C36}.Debug|iPhoneSimulator.ActiveCfg = Debug|iPhoneSimulator
		{5936F4BF-EA60-478B-A755-9B1EE8073C36}.Debug|iPhoneSimulator.Build.0 = Debug|iPhoneSimulator
		{5936F4BF-EA60-478B-A755-9B1EE8073C36}.Debug|iPhoneSimulator.Deploy.0 = Debug|iPhoneSimulator
		{5936F4BF-EA60-478B-A755-9B1EE8073C36}.Release|Any CPU.ActiveCfg = Release|iPhoneSimulator
		{5936F4BF-EA60-478B-A755-9B1EE8073C36}.Release|Any CPU.Build.0 = Release|iPhoneSimulator
		{5936F4BF-EA60-478B-A755-9B1EE8073C36}.Release|Any CPU.Deploy.0 = Release|iPhoneSimulator
		{5936F4BF-EA60-478B-A755-9B1EE8073C36}.Release|iPhone.ActiveCfg = Release|iPhone
		{5936F4BF-EA60-478B-A755-9B1EE8073C36}.Release|iPhone.Build.0 = Release|iPhone
		{5936F4BF-EA60-478B-A755-9B1EE8073C36}.Release|iPhone.Deploy.0 = Release|iPhone
		{5936F4BF-EA60-478B-A755-9B1EE8073C36}.Release|iPhoneSimulator.ActiveCfg = Release|iPhoneSimulator
		{5936F4BF-EA60-478B-A755-9B1EE8073C36}.Release|iPhoneSimulator.Build.0 = Release|iPhoneSimulator
		{5936F4BF-EA60-478B-A755-9B1EE8073C36}.Release|iPhoneSimulator.Deploy.0 = Release|iPhoneSimulator
		{9BFF5BE5-E32F-41BC-A129-4C2B4C28E402}.Debug|Any CPU.ActiveCfg = Debug|Any CPU
		{9BFF5BE5-E32F-41BC-A129-4C2B4C28E402}.Debug|Any CPU.Build.0 = Debug|Any CPU
		{9BFF5BE5-E32F-41BC-A129-4C2B4C28E402}.Debug|Any CPU.Deploy.0 = Debug|Any CPU
		{9BFF5BE5-E32F-41BC-A129-4C2B4C28E402}.Debug|iPhone.ActiveCfg = Debug|Any CPU
		{9BFF5BE5-E32F-41BC-A129-4C2B4C28E402}.Debug|iPhone.Build.0 = Debug|Any CPU
		{9BFF5BE5-E32F-41BC-A129-4C2B4C28E402}.Debug|iPhone.Deploy.0 = Debug|Any CPU
		{9BFF5BE5-E32F-41BC-A129-4C2B4C28E402}.Debug|iPhoneSimulator.ActiveCfg = Debug|Any CPU
		{9BFF5BE5-E32F-41BC-A129-4C2B4C28E402}.Debug|iPhoneSimulator.Build.0 = Debug|Any CPU
		{9BFF5BE5-E32F-41BC-A129-4C2B4C28E402}.Debug|iPhoneSimulator.Deploy.0 = Debug|Any CPU
		{9BFF5BE5-E32F-41BC-A129-4C2B4C28E402}.Release|Any CPU.ActiveCfg = Release|Any CPU
		{9BFF5BE5-E32F-41BC-A129-4C2B4C28E402}.Release|Any CPU.Build.0 = Release|Any CPU
		{9BFF5BE5-E32F-41BC-A129-4C2B4C28E402}.Release|Any CPU.Deploy.0 = Release|Any CPU
		{9BFF5BE5-E32F-41BC-A129-4C2B4C28E402}.Release|iPhone.ActiveCfg = Release|Any CPU
		{9BFF5BE5-E32F-41BC-A129-4C2B4C28E402}.Release|iPhone.Build.0 = Release|Any CPU
		{9BFF5BE5-E32F-41BC-A129-4C2B4C28E402}.Release|iPhone.Deploy.0 = Release|Any CPU
		{9BFF5BE5-E32F-41BC-A129-4C2B4C28E402}.Release|iPhoneSimulator.ActiveCfg = Release|Any CPU
		{9BFF5BE5-E32F-41BC-A129-4C2B4C28E402}.Release|iPhoneSimulator.Build.0 = Release|Any CPU
		{9BFF5BE5-E32F-41BC-A129-4C2B4C28E402}.Release|iPhoneSimulator.Deploy.0 = Release|Any CPU
	EndGlobalSection
	GlobalSection(SolutionProperties) = preSolution
		HideSolutionNode = FALSE
	EndGlobalSection
	GlobalSection(ExtensibilityGlobals) = postSolution
		SolutionGuid = {0BB17BC5-58E0-44FC-BFAA-59636016F8FD}
	EndGlobalSection
EndGlobal
